
Microsoft Visual Studio Solution File, Format Version 12.00
# Visual Studio Version 17
VisualStudioVersion = 17.6.33815.320
MinimumVisualStudioVersion = 10.0.40219.1
Project("{FAE04EC0-301F-11D3-BF4B-00C04F79EFBC}") = "MedidoresWeb", "MedidoresWeb.csproj", "{F8154D21-7F5E-4336-A88B-EC9E1CB3CC93}"
EndProject
Project("{FAE04EC0-301F-11D3-BF4B-00C04F79EFBC}") = "MedidoresDB", "..\MedidoresDB\MedidoresDB.csproj", "{A6DE1135-07CD-4289-9752-1AE87B49C2FB}"
EndProject
Global
	GlobalSection(SolutionConfigurationPlatforms) = preSolution
		Debug|Any CPU = Debug|Any CPU
		Release|Any CPU = Release|Any CPU
	EndGlobalSection
	GlobalSection(ProjectConfigurationPlatforms) = postSolution
		{F8154D21-7F5E-4336-A88B-EC9E1CB3CC93}.Debug|Any CPU.ActiveCfg = Debug|Any CPU
		{F8154D21-7F5E-4336-A88B-EC9E1CB3CC93}.Debug|Any CPU.Build.0 = Debug|Any CPU
		{F8154D21-7F5E-4336-A88B-EC9E1CB3CC93}.Release|Any CPU.ActiveCfg = Release|Any CPU
		{F8154D21-7F5E-4336-A88B-EC9E1CB3CC93}.Release|Any CPU.Build.0 = Release|Any CPU
		{A6DE1135-07CD-4289-9752-1AE87B49C2FB}.Debug|Any CPU.ActiveCfg = Debug|Any CPU
		{A6DE1135-07CD-4289-9752-1AE87B49C2FB}.Debug|Any CPU.Build.0 = Debug|Any CPU
		{A6DE1135-07CD-4289-9752-1AE87B49C2FB}.Release|Any CPU.ActiveCfg = Release|Any CPU
		{A6DE1135-07CD-4289-9752-1AE87B49C2FB}.Release|Any CPU.Build.0 = Release|Any CPU
	EndGlobalSection
	GlobalSection(SolutionProperties) = preSolution
		HideSolutionNode = FALSE
	EndGlobalSection
	GlobalSection(ExtensibilityGlobals) = postSolution
		SolutionGuid = {2E4D3C68-8DD6-4402-8C12-5BB023C4A0A2}
	EndGlobalSection
EndGlobal
